
Microsoft Visual Studio Solution File, Format Version 12.00
# Visual Studio Version 16
VisualStudioVersion = 16.0.31515.178
MinimumVisualStudioVersion = 10.0.40219.1
Project("{FAE04EC0-301F-11D3-BF4B-00C04F79EFBC}") = "HotelRepository.Web", "HotelRepository.Web.csproj", "{00E59BEF-1F30-46DB-80D5-6FA961287176}"
EndProject
Project("{FAE04EC0-301F-11D3-BF4B-00C04F79EFBC}") = "HotelRepository.DataAccess", "..\HotelRepository.DataAccess\HotelRepository.DataAccess.csproj", "{1FF6C610-E50D-433D-81C5-D0922F00223F}"
EndProject
Project("{FAE04EC0-301F-11D3-BF4B-00C04F79EFBC}") = "HotelRepository.Util", "..\HotelRepository.Util\HotelRepository.Util.csproj", "{C5713C79-2274-483A-B9B3-FB58286820ED}"
EndProject
Project("{FAE04EC0-301F-11D3-BF4B-00C04F79EFBC}") = "HotelRepository.Models", "..\HotelRepository.Models\HotelRepository.Models.csproj", "{0AC06010-7326-4687-8DDC-27B767D858CC}"
EndProject
Global
	GlobalSection(SolutionConfigurationPlatforms) = preSolution
		Debug|Any CPU = Debug|Any CPU
		Release|Any CPU = Release|Any CPU
	EndGlobalSection
	GlobalSection(ProjectConfigurationPlatforms) = postSolution
		{00E59BEF-1F30-46DB-80D5-6FA961287176}.Debug|Any CPU.ActiveCfg = Debug|Any CPU
		{00E59BEF-1F30-46DB-80D5-6FA961287176}.Debug|Any CPU.Build.0 = Debug|Any CPU
		{00E59BEF-1F30-46DB-80D5-6FA961287176}.Release|Any CPU.ActiveCfg = Release|Any CPU
		{00E59BEF-1F30-46DB-80D5-6FA961287176}.Release|Any CPU.Build.0 = Release|Any CPU
		{1FF6C610-E50D-433D-81C5-D0922F00223F}.Debug|Any CPU.ActiveCfg = Debug|Any CPU
		{1FF6C610-E50D-433D-81C5-D0922F00223F}.Debug|Any CPU.Build.0 = Debug|Any CPU
		{1FF6C610-E50D-433D-81C5-D0922F00223F}.Release|Any CPU.ActiveCfg = Release|Any CPU
		{1FF6C610-E50D-433D-81C5-D0922F00223F}.Release|Any CPU.Build.0 = Release|Any CPU
		{C5713C79-2274-483A-B9B3-FB58286820ED}.Debug|Any CPU.ActiveCfg = Debug|Any CPU
		{C5713C79-2274-483A-B9B3-FB58286820ED}.Debug|Any CPU.Build.0 = Debug|Any CPU
		{C5713C79-2274-483A-B9B3-FB58286820ED}.Release|Any CPU.ActiveCfg = Release|Any CPU
		{C5713C79-2274-483A-B9B3-FB58286820ED}.Release|Any CPU.Build.0 = Release|Any CPU
		{0AC06010-7326-4687-8DDC-27B767D858CC}.Debug|Any CPU.ActiveCfg = Debug|Any CPU
		{0AC06010-7326-4687-8DDC-27B767D858CC}.Debug|Any CPU.Build.0 = Debug|Any CPU
		{0AC06010-7326-4687-8DDC-27B767D858CC}.Release|Any CPU.ActiveCfg = Release|Any CPU
		{0AC06010-7326-4687-8DDC-27B767D858CC}.Release|Any CPU.Build.0 = Release|Any CPU
	EndGlobalSection
	GlobalSection(SolutionProperties) = preSolution
		HideSolutionNode = FALSE
	EndGlobalSection
	GlobalSection(ExtensibilityGlobals) = postSolution
		SolutionGuid = {9016997A-966A-4A18-B909-0EDD50ECBD2E}
	EndGlobalSection
EndGlobal
