
Microsoft Visual Studio Solution File, Format Version 12.00
# Visual Studio Version 16
VisualStudioVersion = 16.0.31515.178
MinimumVisualStudioVersion = 10.0.40219.1
Project("{FAE04EC0-301F-11D3-BF4B-00C04F79EFBC}") = "HotelManagement", "HotelManagement.csproj", "{A569BF28-F3AE-4E0F-AC48-6632C74AF685}"
EndProject
Global
	GlobalSection(SolutionConfigurationPlatforms) = preSolution
		Debug|Any CPU = Debug|Any CPU
		Release|Any CPU = Release|Any CPU
	EndGlobalSection
	GlobalSection(ProjectConfigurationPlatforms) = postSolution
		{A569BF28-F3AE-4E0F-AC48-6632C74AF685}.Debug|Any CPU.ActiveCfg = Debug|Any CPU
		{A569BF28-F3AE-4E0F-AC48-6632C74AF685}.Debug|Any CPU.Build.0 = Debug|Any CPU
		{A569BF28-F3AE-4E0F-AC48-6632C74AF685}.Release|Any CPU.ActiveCfg = Release|Any CPU
		{A569BF28-F3AE-4E0F-AC48-6632C74AF685}.Release|Any CPU.Build.0 = Release|Any CPU
	EndGlobalSection
	GlobalSection(SolutionProperties) = preSolution
		HideSolutionNode = FALSE
	EndGlobalSection
	GlobalSection(ExtensibilityGlobals) = postSolution
		SolutionGuid = {84DB1335-60DF-42CE-9DA4-9A0C6A17B1A7}
	EndGlobalSection
EndGlobal
