
Microsoft Visual Studio Solution File, Format Version 12.00
# Visual Studio Version 16
VisualStudioVersion = 16.0.31515.178
MinimumVisualStudioVersion = 10.0.40219.1
Project("{FAE04EC0-301F-11D3-BF4B-00C04F79EFBC}") = "ProjectBlog", "ProjectBlog\ProjectBlog.csproj", "{7697BB60-544B-4BCD-9016-98F2CB7AAC44}"
EndProject
Project("{FAE04EC0-301F-11D3-BF4B-00C04F79EFBC}") = "ProjectBlog.DataAccess", "ProjectBlog.DataAccess\ProjectBlog.DataAccess.csproj", "{BA494057-DD32-4454-AE66-4FC1D87B04C3}"
EndProject
Project("{FAE04EC0-301F-11D3-BF4B-00C04F79EFBC}") = "ProjectBlog.Models", "ProjectBlog.Models\ProjectBlog.Models.csproj", "{9ED5A52A-B57C-493D-964D-B9223B4AEE68}"
EndProject
Global
	GlobalSection(SolutionConfigurationPlatforms) = preSolution
		Debug|Any CPU = Debug|Any CPU
		Release|Any CPU = Release|Any CPU
	EndGlobalSection
	GlobalSection(ProjectConfigurationPlatforms) = postSolution
		{7697BB60-544B-4BCD-9016-98F2CB7AAC44}.Debug|Any CPU.ActiveCfg = Debug|Any CPU
		{7697BB60-544B-4BCD-9016-98F2CB7AAC44}.Debug|Any CPU.Build.0 = Debug|Any CPU
		{7697BB60-544B-4BCD-9016-98F2CB7AAC44}.Release|Any CPU.ActiveCfg = Release|Any CPU
		{7697BB60-544B-4BCD-9016-98F2CB7AAC44}.Release|Any CPU.Build.0 = Release|Any CPU
		{BA494057-DD32-4454-AE66-4FC1D87B04C3}.Debug|Any CPU.ActiveCfg = Debug|Any CPU
		{BA494057-DD32-4454-AE66-4FC1D87B04C3}.Debug|Any CPU.Build.0 = Debug|Any CPU
		{BA494057-DD32-4454-AE66-4FC1D87B04C3}.Release|Any CPU.ActiveCfg = Release|Any CPU
		{BA494057-DD32-4454-AE66-4FC1D87B04C3}.Release|Any CPU.Build.0 = Release|Any CPU
		{9ED5A52A-B57C-493D-964D-B9223B4AEE68}.Debug|Any CPU.ActiveCfg = Debug|Any CPU
		{9ED5A52A-B57C-493D-964D-B9223B4AEE68}.Debug|Any CPU.Build.0 = Debug|Any CPU
		{9ED5A52A-B57C-493D-964D-B9223B4AEE68}.Release|Any CPU.ActiveCfg = Release|Any CPU
		{9ED5A52A-B57C-493D-964D-B9223B4AEE68}.Release|Any CPU.Build.0 = Release|Any CPU
	EndGlobalSection
	GlobalSection(SolutionProperties) = preSolution
		HideSolutionNode = FALSE
	EndGlobalSection
	GlobalSection(ExtensibilityGlobals) = postSolution
		SolutionGuid = {BC00A509-CB97-45F5-B2B6-EA3BCC5B2718}
	EndGlobalSection
EndGlobal
